
Microsoft Visual Studio Solution File, Format Version 12.00
# Visual Studio Version 17
VisualStudioVersion = 17.12.35707.178
MinimumVisualStudioVersion = 10.0.40219.1
Project("{FAE04EC0-301F-11D3-BF4B-00C04F79EFBC}") = "Core", "..\курса\Laboratornaya3\Core\Core.csproj", "{C605055D-9DF9-04E4-45FF-2A4A21FE54A9}"
EndProject
Project("{FAE04EC0-301F-11D3-BF4B-00C04F79EFBC}") = "Infrastructure", "..\курса\Laboratornaya3\Infrastructure\Infrastructure.csproj", "{ABF807E9-DB59-AE1F-BB63-A6B41BD70C6F}"
EndProject
Project("{FAE04EC0-301F-11D3-BF4B-00C04F79EFBC}") = "Laboratornaya3", "..\курса\Laboratornaya3\Laboratornaya3\Laboratornaya3.csproj", "{8F4491E1-A7F9-6A45-E47C-08491DFA35CE}"
EndProject
Project("{FAE04EC0-301F-11D3-BF4B-00C04F79EFBC}") = "Tests", "..\курса\Laboratornaya3\Tests\Tests.csproj", "{F0BA15FF-4558-6B53-EA6A-DE4195162FDF}"
EndProject
Global
	GlobalSection(SolutionConfigurationPlatforms) = preSolution
		Debug|Any CPU = Debug|Any CPU
		Release|Any CPU = Release|Any CPU
	EndGlobalSection
	GlobalSection(ProjectConfigurationPlatforms) = postSolution
		{C605055D-9DF9-04E4-45FF-2A4A21FE54A9}.Debug|Any CPU.ActiveCfg = Debug|Any CPU
		{C605055D-9DF9-04E4-45FF-2A4A21FE54A9}.Debug|Any CPU.Build.0 = Debug|Any CPU
		{C605055D-9DF9-04E4-45FF-2A4A21FE54A9}.Release|Any CPU.ActiveCfg = Release|Any CPU
		{C605055D-9DF9-04E4-45FF-2A4A21FE54A9}.Release|Any CPU.Build.0 = Release|Any CPU
		{ABF807E9-DB59-AE1F-BB63-A6B41BD70C6F}.Debug|Any CPU.ActiveCfg = Debug|Any CPU
		{ABF807E9-DB59-AE1F-BB63-A6B41BD70C6F}.Debug|Any CPU.Build.0 = Debug|Any CPU
		{ABF807E9-DB59-AE1F-BB63-A6B41BD70C6F}.Release|Any CPU.ActiveCfg = Release|Any CPU
		{ABF807E9-DB59-AE1F-BB63-A6B41BD70C6F}.Release|Any CPU.Build.0 = Release|Any CPU
		{8F4491E1-A7F9-6A45-E47C-08491DFA35CE}.Debug|Any CPU.ActiveCfg = Debug|Any CPU
		{8F4491E1-A7F9-6A45-E47C-08491DFA35CE}.Debug|Any CPU.Build.0 = Debug|Any CPU
		{8F4491E1-A7F9-6A45-E47C-08491DFA35CE}.Release|Any CPU.ActiveCfg = Release|Any CPU
		{8F4491E1-A7F9-6A45-E47C-08491DFA35CE}.Release|Any CPU.Build.0 = Release|Any CPU
		{F0BA15FF-4558-6B53-EA6A-DE4195162FDF}.Debug|Any CPU.ActiveCfg = Debug|Any CPU
		{F0BA15FF-4558-6B53-EA6A-DE4195162FDF}.Debug|Any CPU.Build.0 = Debug|Any CPU
		{F0BA15FF-4558-6B53-EA6A-DE4195162FDF}.Release|Any CPU.ActiveCfg = Release|Any CPU
		{F0BA15FF-4558-6B53-EA6A-DE4195162FDF}.Release|Any CPU.Build.0 = Release|Any CPU
	EndGlobalSection
	GlobalSection(SolutionProperties) = preSolution
		HideSolutionNode = FALSE
	EndGlobalSection
EndGlobal
